
Microsoft Visual Studio Solution File, Format Version 12.00
# Visual Studio Version 17
VisualStudioVersion = 17.1.32414.318
MinimumVisualStudioVersion = 10.0.40219.1
Project("{9A19103F-16F7-4668-BE54-9A1E7A4F7556}") = "day14 uc2", "day14 uc2.csproj", "{1D39CBCA-389F-4377-9D6E-C18EA5385020}"
EndProject
Project("{9A19103F-16F7-4668-BE54-9A1E7A4F7556}") = "linked list day14", "..\linked list day14\linked list day14.csproj", "{DC743B04-3F36-45F4-A2F1-FB775E70C6DB}"
EndProject
Project("{FAE04EC0-301F-11D3-BF4B-00C04F79EFBC}") = "day14 node.cs", "..\day14 node.cs\day14 node.cs.csproj", "{20356112-9CFF-426F-8014-11D614ACA543}"
EndProject
Global
	GlobalSection(SolutionConfigurationPlatforms) = preSolution
		Debug|Any CPU = Debug|Any CPU
		Release|Any CPU = Release|Any CPU
	EndGlobalSection
	GlobalSection(ProjectConfigurationPlatforms) = postSolution
		{1D39CBCA-389F-4377-9D6E-C18EA5385020}.Debug|Any CPU.ActiveCfg = Debug|Any CPU
		{1D39CBCA-389F-4377-9D6E-C18EA5385020}.Debug|Any CPU.Build.0 = Debug|Any CPU
		{1D39CBCA-389F-4377-9D6E-C18EA5385020}.Release|Any CPU.ActiveCfg = Release|Any CPU
		{1D39CBCA-389F-4377-9D6E-C18EA5385020}.Release|Any CPU.Build.0 = Release|Any CPU
		{DC743B04-3F36-45F4-A2F1-FB775E70C6DB}.Debug|Any CPU.ActiveCfg = Debug|Any CPU
		{DC743B04-3F36-45F4-A2F1-FB775E70C6DB}.Debug|Any CPU.Build.0 = Debug|Any CPU
		{DC743B04-3F36-45F4-A2F1-FB775E70C6DB}.Release|Any CPU.ActiveCfg = Release|Any CPU
		{DC743B04-3F36-45F4-A2F1-FB775E70C6DB}.Release|Any CPU.Build.0 = Release|Any CPU
		{20356112-9CFF-426F-8014-11D614ACA543}.Debug|Any CPU.ActiveCfg = Debug|Any CPU
		{20356112-9CFF-426F-8014-11D614ACA543}.Debug|Any CPU.Build.0 = Debug|Any CPU
		{20356112-9CFF-426F-8014-11D614ACA543}.Release|Any CPU.ActiveCfg = Release|Any CPU
		{20356112-9CFF-426F-8014-11D614ACA543}.Release|Any CPU.Build.0 = Release|Any CPU
	EndGlobalSection
	GlobalSection(SolutionProperties) = preSolution
		HideSolutionNode = FALSE
	EndGlobalSection
	GlobalSection(ExtensibilityGlobals) = postSolution
		SolutionGuid = {C5F555B3-F6E1-44BC-9836-B78A799BEFDE}
	EndGlobalSection
EndGlobal
